<?xml version="1.0" encoding="utf-8"?>
<Project ToolsVersion="4.0" xmlns="http://schemas.microsoft.com/developer/msbuild/2003">
  <ItemGroup>
    <ClCompile Include="dllmain.cpp" />
    <ClCompile Include="MinHook\hook.cpp">
      <Filter>MinHook</Filter>
    </ClCompile>
    <ClCompile Include="MinHook\trampoline.cpp">
      <Filter>MinHook</Filter>
    </ClCompile>
    <ClCompile Include="MinHook\buffer.cpp">
      <Filter>MinHook</Filter>
    </ClCompile>
    <ClCompile Include="MinHook\hde32.cpp">
      <Filter>MinHook</Filter>
    </ClCompile>
    <ClCompile Include="MinHook\hde64.cpp">
      <Filter>MinHook</Filter>
    </ClCompile>
  </ItemGroup>
  <ItemGroup>
    <Filter Include="MinHook">
      <UniqueIdentifier>{7683a9e6-780a-488b-875f-9a16474672ec}</UniqueIdentifier>
    </Filter>
  </ItemGroup>
  <ItemGroup>
    <ClInclude Include="MinHook\MinHook.h">
      <Filter>MinHook</Filter>
    </ClInclude>
    <ClInclude Include="MinHook\pstdint.h">
      <Filter>MinHook</Filter>
    </ClInclude>
    <ClInclude Include="MinHook\table32.h">
      <Filter>MinHook</Filter>
    </ClInclude>
    <ClInclude Include="MinHook\table64.h">
      <Filter>MinHook</Filter>
    </ClInclude>
    <ClInclude Include="MinHook\trampoline.h">
      <Filter>MinHook</Filter>
    </ClInclude>
    <ClInclude Include="MinHook\buffer.h">
      <Filter>MinHook</Filter>
    </ClInclude>
    <ClInclude Include="MinHook\hde32.h">
      <Filter>MinHook</Filter>
    </ClInclude>
    <ClInclude Include="MinHook\hde64.h">
      <Filter>MinHook</Filter>
    </ClInclude>
    <ClInclude Include="CryClass.h" />
    <ClInclude Include="Enums.h" />
  </ItemGroup>
</Project>